// !$*UTF8*$!
{
	archiveVersion = 1;
	classes = {
	};
	objectVersion = 55;
	objects = {

/* Begin PBXBuildFile section */
		0B9203A99190EDADBFDD0863 /* Pods_gb_vk_app.framework in Frameworks */ = {isa = PBXBuildFile; fileRef = 938A5FBB4C1472CDA3A4CF99 /* Pods_gb_vk_app.framework */; };
		2827F21A27A7490B004D48AC /* AppDelegate.swift in Sources */ = {isa = PBXBuildFile; fileRef = 2827F21927A7490B004D48AC /* AppDelegate.swift */; };
		2827F21C27A7490B004D48AC /* SceneDelegate.swift in Sources */ = {isa = PBXBuildFile; fileRef = 2827F21B27A7490B004D48AC /* SceneDelegate.swift */; };
		2827F22127A7490B004D48AC /* Main.storyboard in Resources */ = {isa = PBXBuildFile; fileRef = 2827F21F27A7490B004D48AC /* Main.storyboard */; };
		2827F22327A74913004D48AC /* Assets.xcassets in Resources */ = {isa = PBXBuildFile; fileRef = 2827F22227A74913004D48AC /* Assets.xcassets */; };
		2827F22627A74913004D48AC /* LaunchScreen.storyboard in Resources */ = {isa = PBXBuildFile; fileRef = 2827F22427A74913004D48AC /* LaunchScreen.storyboard */; };
		2827F22E27A74EAE004D48AC /* LoginViewController.swift in Sources */ = {isa = PBXBuildFile; fileRef = 2827F22D27A74EAE004D48AC /* LoginViewController.swift */; };
		2827F23427AB4706004D48AC /* FriendsController.swift in Sources */ = {isa = PBXBuildFile; fileRef = 2827F23327AB4706004D48AC /* FriendsController.swift */; };
		2827F23827AB4726004D48AC /* GroupsController.swift in Sources */ = {isa = PBXBuildFile; fileRef = 2827F23727AB4726004D48AC /* GroupsController.swift */; };
		2827F23A27AB474C004D48AC /* NewGroupsController.swift in Sources */ = {isa = PBXBuildFile; fileRef = 2827F23927AB474C004D48AC /* NewGroupsController.swift */; };
		2827F23C27AB4764004D48AC /* FriendsPhotoController.swift in Sources */ = {isa = PBXBuildFile; fileRef = 2827F23B27AB4764004D48AC /* FriendsPhotoController.swift */; };
		2827F24327AC7DF0004D48AC /* FriendCell.swift in Sources */ = {isa = PBXBuildFile; fileRef = 2827F24227AC7DF0004D48AC /* FriendCell.swift */; };
		2827F24627AC7E5F004D48AC /* User.swift in Sources */ = {isa = PBXBuildFile; fileRef = 2827F24527AC7E5F004D48AC /* User.swift */; };
		2827F24927AC7E83004D48AC /* GroupCell.swift in Sources */ = {isa = PBXBuildFile; fileRef = 2827F24827AC7E83004D48AC /* GroupCell.swift */; };
		2827F24E27AC7EC6004D48AC /* Group.swift in Sources */ = {isa = PBXBuildFile; fileRef = 2827F24D27AC7EC6004D48AC /* Group.swift */; };
		2855891A27AC8217004FF8D0 /* FriendPhotoCell.swift in Sources */ = {isa = PBXBuildFile; fileRef = 2855891927AC8217004FF8D0 /* FriendPhotoCell.swift */; };
		2855891C27C28602004FF8D0 /* AvatarView.swift in Sources */ = {isa = PBXBuildFile; fileRef = 2855891B27C28602004FF8D0 /* AvatarView.swift */; };
		28570B8A27CD4852000526CB /* LikeControl.swift in Sources */ = {isa = PBXBuildFile; fileRef = 28570B8927CD4852000526CB /* LikeControl.swift */; };
		28570B9027E21C2A000526CB /* NewsfeedController.swift in Sources */ = {isa = PBXBuildFile; fileRef = 28570B8F27E21C2A000526CB /* NewsfeedController.swift */; };
		28570B9327E21DDF000526CB /* NewsfeedCell.swift in Sources */ = {isa = PBXBuildFile; fileRef = 28570B9127E21DDF000526CB /* NewsfeedCell.swift */; };
		28570B9427E21DDF000526CB /* NewsfeedCell.xib in Resources */ = {isa = PBXBuildFile; fileRef = 28570B9227E21DDF000526CB /* NewsfeedCell.xib */; };
		28570B9A27E68608000526CB /* LoadingIndicator.swift in Sources */ = {isa = PBXBuildFile; fileRef = 28570B9927E68608000526CB /* LoadingIndicator.swift */; };
		28570B9C27EB688F000526CB /* PhotoViewController.swift in Sources */ = {isa = PBXBuildFile; fileRef = 28570B9B27EB688F000526CB /* PhotoViewController.swift */; };
		28570BA127F5EE58000526CB /* CustomNavigationController.swift in Sources */ = {isa = PBXBuildFile; fileRef = 28570BA027F5EE58000526CB /* CustomNavigationController.swift */; };
		28570BA327F5EE91000526CB /* PushAnimator.swift in Sources */ = {isa = PBXBuildFile; fileRef = 28570BA227F5EE91000526CB /* PushAnimator.swift */; };
		28570BA527F5EE9A000526CB /* PopAnimator.swift in Sources */ = {isa = PBXBuildFile; fileRef = 28570BA427F5EE9A000526CB /* PopAnimator.swift */; };
		28570BA827F76F0C000526CB /* UIViewControllerExtension.swift in Sources */ = {isa = PBXBuildFile; fileRef = 28570BA727F76F0C000526CB /* UIViewControllerExtension.swift */; };
		28570BAA27F7ADF4000526CB /* TabBarController.swift in Sources */ = {isa = PBXBuildFile; fileRef = 28570BA927F7ADF4000526CB /* TabBarController.swift */; };
		28570BAD2800B17E000526CB /* Session.swift in Sources */ = {isa = PBXBuildFile; fileRef = 28570BAC2800B17E000526CB /* Session.swift */; };
		2864650328098FF700A3C3FB /* NetworkService.swift in Sources */ = {isa = PBXBuildFile; fileRef = 2864650228098FF700A3C3FB /* NetworkService.swift */; };
		2864650528099D6600A3C3FB /* WebViewLoginController.swift in Sources */ = {isa = PBXBuildFile; fileRef = 2864650428099D6600A3C3FB /* WebViewLoginController.swift */; };
/* End PBXBuildFile section */

/* Begin PBXFileReference section */
		2827F21627A7490B004D48AC /* gb_vk_app.app */ = {isa = PBXFileReference; explicitFileType = wrapper.application; includeInIndex = 0; path = gb_vk_app.app; sourceTree = BUILT_PRODUCTS_DIR; };
		2827F21927A7490B004D48AC /* AppDelegate.swift */ = {isa = PBXFileReference; lastKnownFileType = sourcecode.swift; path = AppDelegate.swift; sourceTree = "<group>"; };
		2827F21B27A7490B004D48AC /* SceneDelegate.swift */ = {isa = PBXFileReference; lastKnownFileType = sourcecode.swift; path = SceneDelegate.swift; sourceTree = "<group>"; };
		2827F22027A7490B004D48AC /* Base */ = {isa = PBXFileReference; lastKnownFileType = file.storyboard; name = Base; path = Base.lproj/Main.storyboard; sourceTree = "<group>"; };
		2827F22227A74913004D48AC /* Assets.xcassets */ = {isa = PBXFileReference; lastKnownFileType = folder.assetcatalog; path = Assets.xcassets; sourceTree = "<group>"; };
		2827F22527A74913004D48AC /* Base */ = {isa = PBXFileReference; lastKnownFileType = file.storyboard; name = Base; path = Base.lproj/LaunchScreen.storyboard; sourceTree = "<group>"; };
		2827F22727A74913004D48AC /* Info.plist */ = {isa = PBXFileReference; lastKnownFileType = text.plist.xml; path = Info.plist; sourceTree = "<group>"; };
		2827F22D27A74EAE004D48AC /* LoginViewController.swift */ = {isa = PBXFileReference; lastKnownFileType = sourcecode.swift; path = LoginViewController.swift; sourceTree = "<group>"; };
		2827F23327AB4706004D48AC /* FriendsController.swift */ = {isa = PBXFileReference; lastKnownFileType = sourcecode.swift; path = FriendsController.swift; sourceTree = "<group>"; };
		2827F23727AB4726004D48AC /* GroupsController.swift */ = {isa = PBXFileReference; lastKnownFileType = sourcecode.swift; path = GroupsController.swift; sourceTree = "<group>"; };
		2827F23927AB474C004D48AC /* NewGroupsController.swift */ = {isa = PBXFileReference; lastKnownFileType = sourcecode.swift; path = NewGroupsController.swift; sourceTree = "<group>"; };
		2827F23B27AB4764004D48AC /* FriendsPhotoController.swift */ = {isa = PBXFileReference; lastKnownFileType = sourcecode.swift; path = FriendsPhotoController.swift; sourceTree = "<group>"; };
		2827F24227AC7DF0004D48AC /* FriendCell.swift */ = {isa = PBXFileReference; lastKnownFileType = sourcecode.swift; path = FriendCell.swift; sourceTree = "<group>"; };
		2827F24527AC7E5F004D48AC /* User.swift */ = {isa = PBXFileReference; lastKnownFileType = sourcecode.swift; path = User.swift; sourceTree = "<group>"; };
		2827F24827AC7E83004D48AC /* GroupCell.swift */ = {isa = PBXFileReference; lastKnownFileType = sourcecode.swift; path = GroupCell.swift; sourceTree = "<group>"; };
		2827F24D27AC7EC6004D48AC /* Group.swift */ = {isa = PBXFileReference; lastKnownFileType = sourcecode.swift; path = Group.swift; sourceTree = "<group>"; };
		2855891927AC8217004FF8D0 /* FriendPhotoCell.swift */ = {isa = PBXFileReference; lastKnownFileType = sourcecode.swift; path = FriendPhotoCell.swift; sourceTree = "<group>"; };
		2855891B27C28602004FF8D0 /* AvatarView.swift */ = {isa = PBXFileReference; lastKnownFileType = sourcecode.swift; path = AvatarView.swift; sourceTree = "<group>"; };
		28570B8927CD4852000526CB /* LikeControl.swift */ = {isa = PBXFileReference; lastKnownFileType = sourcecode.swift; path = LikeControl.swift; sourceTree = "<group>"; };
		28570B8F27E21C2A000526CB /* NewsfeedController.swift */ = {isa = PBXFileReference; lastKnownFileType = sourcecode.swift; path = NewsfeedController.swift; sourceTree = "<group>"; };
		28570B9127E21DDF000526CB /* NewsfeedCell.swift */ = {isa = PBXFileReference; lastKnownFileType = sourcecode.swift; path = NewsfeedCell.swift; sourceTree = "<group>"; };
		28570B9227E21DDF000526CB /* NewsfeedCell.xib */ = {isa = PBXFileReference; lastKnownFileType = file.xib; path = NewsfeedCell.xib; sourceTree = "<group>"; };
		28570B9927E68608000526CB /* LoadingIndicator.swift */ = {isa = PBXFileReference; lastKnownFileType = sourcecode.swift; path = LoadingIndicator.swift; sourceTree = "<group>"; };
		28570B9B27EB688F000526CB /* PhotoViewController.swift */ = {isa = PBXFileReference; lastKnownFileType = sourcecode.swift; path = PhotoViewController.swift; sourceTree = "<group>"; };
		28570BA027F5EE58000526CB /* CustomNavigationController.swift */ = {isa = PBXFileReference; lastKnownFileType = sourcecode.swift; path = CustomNavigationController.swift; sourceTree = "<group>"; };
		28570BA227F5EE91000526CB /* PushAnimator.swift */ = {isa = PBXFileReference; lastKnownFileType = sourcecode.swift; path = PushAnimator.swift; sourceTree = "<group>"; };
		28570BA427F5EE9A000526CB /* PopAnimator.swift */ = {isa = PBXFileReference; lastKnownFileType = sourcecode.swift; path = PopAnimator.swift; sourceTree = "<group>"; };
		28570BA727F76F0C000526CB /* UIViewControllerExtension.swift */ = {isa = PBXFileReference; lastKnownFileType = sourcecode.swift; path = UIViewControllerExtension.swift; sourceTree = "<group>"; };
		28570BA927F7ADF4000526CB /* TabBarController.swift */ = {isa = PBXFileReference; lastKnownFileType = sourcecode.swift; path = TabBarController.swift; sourceTree = "<group>"; };
		28570BAC2800B17E000526CB /* Session.swift */ = {isa = PBXFileReference; lastKnownFileType = sourcecode.swift; path = Session.swift; sourceTree = "<group>"; };
		2864650228098FF700A3C3FB /* NetworkService.swift */ = {isa = PBXFileReference; lastKnownFileType = sourcecode.swift; path = NetworkService.swift; sourceTree = "<group>"; };
		2864650428099D6600A3C3FB /* WebViewLoginController.swift */ = {isa = PBXFileReference; lastKnownFileType = sourcecode.swift; path = WebViewLoginController.swift; sourceTree = "<group>"; };
		938A5FBB4C1472CDA3A4CF99 /* Pods_gb_vk_app.framework */ = {isa = PBXFileReference; explicitFileType = wrapper.framework; includeInIndex = 0; path = Pods_gb_vk_app.framework; sourceTree = BUILT_PRODUCTS_DIR; };
		ECF7C344BED5C99241B7E9A8 /* Pods-gb_vk_app.release.xcconfig */ = {isa = PBXFileReference; includeInIndex = 1; lastKnownFileType = text.xcconfig; name = "Pods-gb_vk_app.release.xcconfig"; path = "Target Support Files/Pods-gb_vk_app/Pods-gb_vk_app.release.xcconfig"; sourceTree = "<group>"; };
		F29D274D02DEF49D2BE2D99D /* Pods-gb_vk_app.debug.xcconfig */ = {isa = PBXFileReference; includeInIndex = 1; lastKnownFileType = text.xcconfig; name = "Pods-gb_vk_app.debug.xcconfig"; path = "Target Support Files/Pods-gb_vk_app/Pods-gb_vk_app.debug.xcconfig"; sourceTree = "<group>"; };
/* End PBXFileReference section */

/* Begin PBXFrameworksBuildPhase section */
		2827F21327A7490B004D48AC /* Frameworks */ = {
			isa = PBXFrameworksBuildPhase;
			buildActionMask = 2147483647;
			files = (
				0B9203A99190EDADBFDD0863 /* Pods_gb_vk_app.framework in Frameworks */,
			);
			runOnlyForDeploymentPostprocessing = 0;
		};
/* End PBXFrameworksBuildPhase section */

/* Begin PBXGroup section */
		1B857FA6C72E143577A49BDC /* Frameworks */ = {
			isa = PBXGroup;
			children = (
				938A5FBB4C1472CDA3A4CF99 /* Pods_gb_vk_app.framework */,
			);
			name = Frameworks;
			sourceTree = "<group>";
		};
		2827F20D27A7490B004D48AC = {
			isa = PBXGroup;
			children = (
				2827F21827A7490B004D48AC /* gb_vk_app */,
				2827F21727A7490B004D48AC /* Products */,
				3AC2CF721F0389E10CB57606 /* Pods */,
				1B857FA6C72E143577A49BDC /* Frameworks */,
			);
			sourceTree = "<group>";
		};
		2827F21727A7490B004D48AC /* Products */ = {
			isa = PBXGroup;
			children = (
				2827F21627A7490B004D48AC /* gb_vk_app.app */,
			);
			name = Products;
			sourceTree = "<group>";
		};
		2827F21827A7490B004D48AC /* gb_vk_app */ = {
			isa = PBXGroup;
			children = (
				2827F23127AB4674004D48AC /* Storyboards */,
				2827F22F27AB465A004D48AC /* Login */,
				2827F23D27AB476E004D48AC /* Friends */,
				2827F23F27AB4787004D48AC /* Groups */,
				28570B8B27E21BBF000526CB /* Newsfeed */,
				28570BAB2800B157000526CB /* Services */,
				28570BA627F76EB8000526CB /* Helpers */,
				28570B9D27F5EDEB000526CB /* UIHelpers */,
				2827F21927A7490B004D48AC /* AppDelegate.swift */,
				2827F21B27A7490B004D48AC /* SceneDelegate.swift */,
				2827F22227A74913004D48AC /* Assets.xcassets */,
				2827F22727A74913004D48AC /* Info.plist */,
			);
			path = gb_vk_app;
			sourceTree = "<group>";
		};
		2827F22F27AB465A004D48AC /* Login */ = {
			isa = PBXGroup;
			children = (
				28570B9827E685EF000526CB /* View */,
				2827F23027AB4663004D48AC /* Controller */,
			);
			path = Login;
			sourceTree = "<group>";
		};
		2827F23027AB4663004D48AC /* Controller */ = {
			isa = PBXGroup;
			children = (
				2827F22D27A74EAE004D48AC /* LoginViewController.swift */,
				2864650428099D6600A3C3FB /* WebViewLoginController.swift */,
			);
			path = Controller;
			sourceTree = "<group>";
		};
		2827F23127AB4674004D48AC /* Storyboards */ = {
			isa = PBXGroup;
			children = (
				2827F21F27A7490B004D48AC /* Main.storyboard */,
				2827F22427A74913004D48AC /* LaunchScreen.storyboard */,
			);
			path = Storyboards;
			sourceTree = "<group>";
		};
		2827F23D27AB476E004D48AC /* Friends */ = {
			isa = PBXGroup;
			children = (
				2827F24427AC7E44004D48AC /* Model */,
				2827F24127AC7DD1004D48AC /* View */,
				2827F23E27AB4778004D48AC /* Controllers */,
			);
			path = Friends;
			sourceTree = "<group>";
		};
		2827F23E27AB4778004D48AC /* Controllers */ = {
			isa = PBXGroup;
			children = (
				2827F23327AB4706004D48AC /* FriendsController.swift */,
				2827F23B27AB4764004D48AC /* FriendsPhotoController.swift */,
				28570B9B27EB688F000526CB /* PhotoViewController.swift */,
			);
			path = Controllers;
			sourceTree = "<group>";
		};
		2827F23F27AB4787004D48AC /* Groups */ = {
			isa = PBXGroup;
			children = (
				2827F24C27AC7EBA004D48AC /* Model */,
				2827F24727AC7E72004D48AC /* View */,
				2827F24027AB4791004D48AC /* Controller */,
			);
			path = Groups;
			sourceTree = "<group>";
		};
		2827F24027AB4791004D48AC /* Controller */ = {
			isa = PBXGroup;
			children = (
				2827F23727AB4726004D48AC /* GroupsController.swift */,
				2827F23927AB474C004D48AC /* NewGroupsController.swift */,
			);
			path = Controller;
			sourceTree = "<group>";
		};
		2827F24127AC7DD1004D48AC /* View */ = {
			isa = PBXGroup;
			children = (
				2827F24227AC7DF0004D48AC /* FriendCell.swift */,
				2855891927AC8217004FF8D0 /* FriendPhotoCell.swift */,
				2855891B27C28602004FF8D0 /* AvatarView.swift */,
				28570B8927CD4852000526CB /* LikeControl.swift */,
			);
			path = View;
			sourceTree = "<group>";
		};
		2827F24427AC7E44004D48AC /* Model */ = {
			isa = PBXGroup;
			children = (
				2827F24527AC7E5F004D48AC /* User.swift */,
			);
			path = Model;
			sourceTree = "<group>";
		};
		2827F24727AC7E72004D48AC /* View */ = {
			isa = PBXGroup;
			children = (
				2827F24827AC7E83004D48AC /* GroupCell.swift */,
			);
			path = View;
			sourceTree = "<group>";
		};
		2827F24C27AC7EBA004D48AC /* Model */ = {
			isa = PBXGroup;
			children = (
				2827F24D27AC7EC6004D48AC /* Group.swift */,
			);
			path = Model;
			sourceTree = "<group>";
		};
		28570B8B27E21BBF000526CB /* Newsfeed */ = {
			isa = PBXGroup;
			children = (
				28570B8E27E21BEA000526CB /* Model */,
				28570B8D27E21BE4000526CB /* View */,
				28570B8C27E21BDD000526CB /* Controller */,
			);
			path = Newsfeed;
			sourceTree = "<group>";
		};
		28570B8C27E21BDD000526CB /* Controller */ = {
			isa = PBXGroup;
			children = (
				28570B8F27E21C2A000526CB /* NewsfeedController.swift */,
			);
			path = Controller;
			sourceTree = "<group>";
		};
		28570B8D27E21BE4000526CB /* View */ = {
			isa = PBXGroup;
			children = (
				28570B9127E21DDF000526CB /* NewsfeedCell.swift */,
				28570B9227E21DDF000526CB /* NewsfeedCell.xib */,
			);
			path = View;
			sourceTree = "<group>";
		};
		28570B8E27E21BEA000526CB /* Model */ = {
			isa = PBXGroup;
			children = (
			);
			path = Model;
			sourceTree = "<group>";
		};
		28570B9827E685EF000526CB /* View */ = {
			isa = PBXGroup;
			children = (
				28570B9927E68608000526CB /* LoadingIndicator.swift */,
			);
			path = View;
			sourceTree = "<group>";
		};
		28570B9D27F5EDEB000526CB /* UIHelpers */ = {
			isa = PBXGroup;
			children = (
				28570BA027F5EE58000526CB /* CustomNavigationController.swift */,
				28570BA227F5EE91000526CB /* PushAnimator.swift */,
				28570BA427F5EE9A000526CB /* PopAnimator.swift */,
			);
			path = UIHelpers;
			sourceTree = "<group>";
		};
		28570BA627F76EB8000526CB /* Helpers */ = {
			isa = PBXGroup;
			children = (
				28570BA727F76F0C000526CB /* UIViewControllerExtension.swift */,
				28570BA927F7ADF4000526CB /* TabBarController.swift */,
			);
			path = Helpers;
			sourceTree = "<group>";
		};
		28570BAB2800B157000526CB /* Services */ = {
			isa = PBXGroup;
			children = (
				28570BAC2800B17E000526CB /* Session.swift */,
				2864650228098FF700A3C3FB /* NetworkService.swift */,
			);
			path = Services;
			sourceTree = "<group>";
		};
		3AC2CF721F0389E10CB57606 /* Pods */ = {
			isa = PBXGroup;
			children = (
				F29D274D02DEF49D2BE2D99D /* Pods-gb_vk_app.debug.xcconfig */,
				ECF7C344BED5C99241B7E9A8 /* Pods-gb_vk_app.release.xcconfig */,
			);
			path = Pods;
			sourceTree = "<group>";
		};
/* End PBXGroup section */

/* Begin PBXNativeTarget section */
		2827F21527A7490B004D48AC /* gb_vk_app */ = {
			isa = PBXNativeTarget;
			buildConfigurationList = 2827F22A27A74913004D48AC /* Build configuration list for PBXNativeTarget "gb_vk_app" */;
			buildPhases = (
				E304E602D0A8311E894489AB /* [CP] Check Pods Manifest.lock */,
				2827F21227A7490B004D48AC /* Sources */,
				2827F21327A7490B004D48AC /* Frameworks */,
				2827F21427A7490B004D48AC /* Resources */,
				6AB4EECDEE88BBFDAC333237 /* [CP] Embed Pods Frameworks */,
			);
			buildRules = (
			);
			dependencies = (
			);
			name = gb_vk_app;
			productName = gb_vk_app;
			productReference = 2827F21627A7490B004D48AC /* gb_vk_app.app */;
			productType = "com.apple.product-type.application";
		};
/* End PBXNativeTarget section */

/* Begin PBXProject section */
		2827F20E27A7490B004D48AC /* Project object */ = {
			isa = PBXProject;
			attributes = {
				BuildIndependentTargetsInParallel = 1;
				LastSwiftUpdateCheck = 1310;
				LastUpgradeCheck = 1310;
				TargetAttributes = {
					2827F21527A7490B004D48AC = {
						CreatedOnToolsVersion = 13.1;
					};
				};
			};
			buildConfigurationList = 2827F21127A7490B004D48AC /* Build configuration list for PBXProject "gb_vk_app" */;
			compatibilityVersion = "Xcode 13.0";
			developmentRegion = en;
			hasScannedForEncodings = 0;
			knownRegions = (
				en,
				Base,
			);
			mainGroup = 2827F20D27A7490B004D48AC;
			productRefGroup = 2827F21727A7490B004D48AC /* Products */;
			projectDirPath = "";
			projectRoot = "";
			targets = (
				2827F21527A7490B004D48AC /* gb_vk_app */,
			);
		};
/* End PBXProject section */

/* Begin PBXResourcesBuildPhase section */
		2827F21427A7490B004D48AC /* Resources */ = {
			isa = PBXResourcesBuildPhase;
			buildActionMask = 2147483647;
			files = (
				2827F22627A74913004D48AC /* LaunchScreen.storyboard in Resources */,
				2827F22327A74913004D48AC /* Assets.xcassets in Resources */,
				28570B9427E21DDF000526CB /* NewsfeedCell.xib in Resources */,
				2827F22127A7490B004D48AC /* Main.storyboard in Resources */,
			);
			runOnlyForDeploymentPostprocessing = 0;
		};
/* End PBXResourcesBuildPhase section */

/* Begin PBXShellScriptBuildPhase section */
		6AB4EECDEE88BBFDAC333237 /* [CP] Embed Pods Frameworks */ = {
			isa = PBXShellScriptBuildPhase;
			buildActionMask = 2147483647;
			files = (
			);
			inputFileListPaths = (
				"${PODS_ROOT}/Target Support Files/Pods-gb_vk_app/Pods-gb_vk_app-frameworks-${CONFIGURATION}-input-files.xcfilelist",
			);
			name = "[CP] Embed Pods Frameworks";
			outputFileListPaths = (
				"${PODS_ROOT}/Target Support Files/Pods-gb_vk_app/Pods-gb_vk_app-frameworks-${CONFIGURATION}-output-files.xcfilelist",
			);
			runOnlyForDeploymentPostprocessing = 0;
			shellPath = /bin/sh;
			shellScript = "\"${PODS_ROOT}/Target Support Files/Pods-gb_vk_app/Pods-gb_vk_app-frameworks.sh\"\n";
			showEnvVarsInLog = 0;
		};
		E304E602D0A8311E894489AB /* [CP] Check Pods Manifest.lock */ = {
			isa = PBXShellScriptBuildPhase;
			buildActionMask = 2147483647;
			files = (
			);
			inputFileListPaths = (
			);
			inputPaths = (
				"${PODS_PODFILE_DIR_PATH}/Podfile.lock",
				"${PODS_ROOT}/Manifest.lock",
			);
			name = "[CP] Check Pods Manifest.lock";
			outputFileListPaths = (
			);
			outputPaths = (
				"$(DERIVED_FILE_DIR)/Pods-gb_vk_app-checkManifestLockResult.txt",
			);
			runOnlyForDeploymentPostprocessing = 0;
			shellPath = /bin/sh;
			shellScript = "diff \"${PODS_PODFILE_DIR_PATH}/Podfile.lock\" \"${PODS_ROOT}/Manifest.lock\" > /dev/null\nif [ $? != 0 ] ; then\n    # print error to STDERR\n    echo \"error: The sandbox is not in sync with the Podfile.lock. Run 'pod install' or update your CocoaPods installation.\" >&2\n    exit 1\nfi\n# This output is used by Xcode 'outputs' to avoid re-running this script phase.\necho \"SUCCESS\" > \"${SCRIPT_OUTPUT_FILE_0}\"\n";
			showEnvVarsInLog = 0;
		};
/* End PBXShellScriptBuildPhase section */

/* Begin PBXSourcesBuildPhase section */
		2827F21227A7490B004D48AC /* Sources */ = {
			isa = PBXSourcesBuildPhase;
			buildActionMask = 2147483647;
			files = (
				2827F23827AB4726004D48AC /* GroupsController.swift in Sources */,
				2827F23C27AB4764004D48AC /* FriendsPhotoController.swift in Sources */,
				28570B8A27CD4852000526CB /* LikeControl.swift in Sources */,
				28570B9027E21C2A000526CB /* NewsfeedController.swift in Sources */,
				28570BA327F5EE91000526CB /* PushAnimator.swift in Sources */,
				2864650328098FF700A3C3FB /* NetworkService.swift in Sources */,
				28570BAA27F7ADF4000526CB /* TabBarController.swift in Sources */,
				2827F23A27AB474C004D48AC /* NewGroupsController.swift in Sources */,
				28570B9C27EB688F000526CB /* PhotoViewController.swift in Sources */,
				28570BA527F5EE9A000526CB /* PopAnimator.swift in Sources */,
				28570B9A27E68608000526CB /* LoadingIndicator.swift in Sources */,
				2827F24E27AC7EC6004D48AC /* Group.swift in Sources */,
				2855891C27C28602004FF8D0 /* AvatarView.swift in Sources */,
				2827F24327AC7DF0004D48AC /* FriendCell.swift in Sources */,
				2827F22E27A74EAE004D48AC /* LoginViewController.swift in Sources */,
				2827F24927AC7E83004D48AC /* GroupCell.swift in Sources */,
				2855891A27AC8217004FF8D0 /* FriendPhotoCell.swift in Sources */,
				2827F24627AC7E5F004D48AC /* User.swift in Sources */,
				2827F23427AB4706004D48AC /* FriendsController.swift in Sources */,
				2827F21A27A7490B004D48AC /* AppDelegate.swift in Sources */,
				28570B9327E21DDF000526CB /* NewsfeedCell.swift in Sources */,
				2864650528099D6600A3C3FB /* WebViewLoginController.swift in Sources */,
				28570BAD2800B17E000526CB /* Session.swift in Sources */,
				28570BA127F5EE58000526CB /* CustomNavigationController.swift in Sources */,
				28570BA827F76F0C000526CB /* UIViewControllerExtension.swift in Sources */,
				2827F21C27A7490B004D48AC /* SceneDelegate.swift in Sources */,
			);
			runOnlyForDeploymentPostprocessing = 0;
		};
/* End PBXSourcesBuildPhase section */

/* Begin PBXVariantGroup section */
		2827F21F27A7490B004D48AC /* Main.storyboard */ = {
			isa = PBXVariantGroup;
			children = (
				2827F22027A7490B004D48AC /* Base */,
			);
			name = Main.storyboard;
			sourceTree = "<group>";
		};
		2827F22427A74913004D48AC /* LaunchScreen.storyboard */ = {
			isa = PBXVariantGroup;
			children = (
				2827F22527A74913004D48AC /* Base */,
			);
			name = LaunchScreen.storyboard;
			sourceTree = "<group>";
		};
/* End PBXVariantGroup section */

/* Begin XCBuildConfiguration section */
		2827F22827A74913004D48AC /* Debug */ = {
			isa = XCBuildConfiguration;
			buildSettings = {
				ALWAYS_SEARCH_USER_PATHS = NO;
				CLANG_ANALYZER_NONNULL = YES;
				CLANG_ANALYZER_NUMBER_OBJECT_CONVERSION = YES_AGGRESSIVE;
				CLANG_CXX_LANGUAGE_STANDARD = "gnu++17";
				CLANG_CXX_LIBRARY = "libc++";
				CLANG_ENABLE_MODULES = YES;
				CLANG_ENABLE_OBJC_ARC = YES;
				CLANG_ENABLE_OBJC_WEAK = YES;
				CLANG_WARN_BLOCK_CAPTURE_AUTORELEASING = YES;
				CLANG_WARN_BOOL_CONVERSION = YES;
				CLANG_WARN_COMMA = YES;
				CLANG_WARN_CONSTANT_CONVERSION = YES;
				CLANG_WARN_DEPRECATED_OBJC_IMPLEMENTATIONS = YES;
				CLANG_WARN_DIRECT_OBJC_ISA_USAGE = YES_ERROR;
				CLANG_WARN_DOCUMENTATION_COMMENTS = YES;
				CLANG_WARN_EMPTY_BODY = YES;
				CLANG_WARN_ENUM_CONVERSION = YES;
				CLANG_WARN_INFINITE_RECURSION = YES;
				CLANG_WARN_INT_CONVERSION = YES;
				CLANG_WARN_NON_LITERAL_NULL_CONVERSION = YES;
				CLANG_WARN_OBJC_IMPLICIT_RETAIN_SELF = YES;
				CLANG_WARN_OBJC_LITERAL_CONVERSION = YES;
				CLANG_WARN_OBJC_ROOT_CLASS = YES_ERROR;
				CLANG_WARN_QUOTED_INCLUDE_IN_FRAMEWORK_HEADER = YES;
				CLANG_WARN_RANGE_LOOP_ANALYSIS = YES;
				CLANG_WARN_STRICT_PROTOTYPES = YES;
				CLANG_WARN_SUSPICIOUS_MOVE = YES;
				CLANG_WARN_UNGUARDED_AVAILABILITY = YES_AGGRESSIVE;
				CLANG_WARN_UNREACHABLE_CODE = YES;
				CLANG_WARN__DUPLICATE_METHOD_MATCH = YES;
				COPY_PHASE_STRIP = NO;
				DEBUG_INFORMATION_FORMAT = dwarf;
				ENABLE_STRICT_OBJC_MSGSEND = YES;
				ENABLE_TESTABILITY = YES;
				GCC_C_LANGUAGE_STANDARD = gnu11;
				GCC_DYNAMIC_NO_PIC = NO;
				GCC_NO_COMMON_BLOCKS = YES;
				GCC_OPTIMIZATION_LEVEL = 0;
				GCC_PREPROCESSOR_DEFINITIONS = (
					"DEBUG=1",
					"$(inherited)",
				);
				GCC_WARN_64_TO_32_BIT_CONVERSION = YES;
				GCC_WARN_ABOUT_RETURN_TYPE = YES_ERROR;
				GCC_WARN_UNDECLARED_SELECTOR = YES;
				GCC_WARN_UNINITIALIZED_AUTOS = YES_AGGRESSIVE;
				GCC_WARN_UNUSED_FUNCTION = YES;
				GCC_WARN_UNUSED_VARIABLE = YES;
				IPHONEOS_DEPLOYMENT_TARGET = 15.0;
				MTL_ENABLE_DEBUG_INFO = INCLUDE_SOURCE;
				MTL_FAST_MATH = YES;
				ONLY_ACTIVE_ARCH = YES;
				SDKROOT = iphoneos;
				SWIFT_ACTIVE_COMPILATION_CONDITIONS = DEBUG;
				SWIFT_OPTIMIZATION_LEVEL = "-Onone";
			};
			name = Debug;
		};
		2827F22927A74913004D48AC /* Release */ = {
			isa = XCBuildConfiguration;
			buildSettings = {
				ALWAYS_SEARCH_USER_PATHS = NO;
				CLANG_ANALYZER_NONNULL = YES;
				CLANG_ANALYZER_NUMBER_OBJECT_CONVERSION = YES_AGGRESSIVE;
				CLANG_CXX_LANGUAGE_STANDARD = "gnu++17";
				CLANG_CXX_LIBRARY = "libc++";
				CLANG_ENABLE_MODULES = YES;
				CLANG_ENABLE_OBJC_ARC = YES;
				CLANG_ENABLE_OBJC_WEAK = YES;
				CLANG_WARN_BLOCK_CAPTURE_AUTORELEASING = YES;
				CLANG_WARN_BOOL_CONVERSION = YES;
				CLANG_WARN_COMMA = YES;
				CLANG_WARN_CONSTANT_CONVERSION = YES;
				CLANG_WARN_DEPRECATED_OBJC_IMPLEMENTATIONS = YES;
				CLANG_WARN_DIRECT_OBJC_ISA_USAGE = YES_ERROR;
				CLANG_WARN_DOCUMENTATION_COMMENTS = YES;
				CLANG_WARN_EMPTY_BODY = YES;
				CLANG_WARN_ENUM_CONVERSION = YES;
				CLANG_WARN_INFINITE_RECURSION = YES;
				CLANG_WARN_INT_CONVERSION = YES;
				CLANG_WARN_NON_LITERAL_NULL_CONVERSION = YES;
				CLANG_WARN_OBJC_IMPLICIT_RETAIN_SELF = YES;
				CLANG_WARN_OBJC_LITERAL_CONVERSION = YES;
				CLANG_WARN_OBJC_ROOT_CLASS = YES_ERROR;
				CLANG_WARN_QUOTED_INCLUDE_IN_FRAMEWORK_HEADER = YES;
				CLANG_WARN_RANGE_LOOP_ANALYSIS = YES;
				CLANG_WARN_STRICT_PROTOTYPES = YES;
				CLANG_WARN_SUSPICIOUS_MOVE = YES;
				CLANG_WARN_UNGUARDED_AVAILABILITY = YES_AGGRESSIVE;
				CLANG_WARN_UNREACHABLE_CODE = YES;
				CLANG_WARN__DUPLICATE_METHOD_MATCH = YES;
				COPY_PHASE_STRIP = NO;
				DEBUG_INFORMATION_FORMAT = "dwarf-with-dsym";
				ENABLE_NS_ASSERTIONS = NO;
				ENABLE_STRICT_OBJC_MSGSEND = YES;
				GCC_C_LANGUAGE_STANDARD = gnu11;
				GCC_NO_COMMON_BLOCKS = YES;
				GCC_WARN_64_TO_32_BIT_CONVERSION = YES;
				GCC_WARN_ABOUT_RETURN_TYPE = YES_ERROR;
				GCC_WARN_UNDECLARED_SELECTOR = YES;
				GCC_WARN_UNINITIALIZED_AUTOS = YES_AGGRESSIVE;
				GCC_WARN_UNUSED_FUNCTION = YES;
				GCC_WARN_UNUSED_VARIABLE = YES;
				IPHONEOS_DEPLOYMENT_TARGET = 15.0;
				MTL_ENABLE_DEBUG_INFO = NO;
				MTL_FAST_MATH = YES;
				SDKROOT = iphoneos;
				SWIFT_COMPILATION_MODE = wholemodule;
				SWIFT_OPTIMIZATION_LEVEL = "-O";
				VALIDATE_PRODUCT = YES;
			};
			name = Release;
		};
		2827F22B27A74913004D48AC /* Debug */ = {
			isa = XCBuildConfiguration;
			baseConfigurationReference = F29D274D02DEF49D2BE2D99D /* Pods-gb_vk_app.debug.xcconfig */;
			buildSettings = {
				ASSETCATALOG_COMPILER_APPICON_NAME = AppIcon;
				ASSETCATALOG_COMPILER_GLOBAL_ACCENT_COLOR_NAME = AccentColor;
				CODE_SIGN_STYLE = Automatic;
				CURRENT_PROJECT_VERSION = 1;
				DEVELOPMENT_TEAM = Z767NVP4CG;
				GENERATE_INFOPLIST_FILE = YES;
				INFOPLIST_FILE = gb_vk_app/Info.plist;
				INFOPLIST_KEY_UIApplicationSupportsIndirectInputEvents = YES;
				INFOPLIST_KEY_UILaunchStoryboardName = LaunchScreen;
				INFOPLIST_KEY_UIMainStoryboardFile = Main;
				INFOPLIST_KEY_UISupportedInterfaceOrientations_iPad = "UIInterfaceOrientationPortrait UIInterfaceOrientationPortraitUpsideDown UIInterfaceOrientationLandscapeLeft UIInterfaceOrientationLandscapeRight";
				INFOPLIST_KEY_UISupportedInterfaceOrientations_iPhone = "UIInterfaceOrientationPortrait UIInterfaceOrientationLandscapeLeft UIInterfaceOrientationLandscapeRight";
				LD_RUNPATH_SEARCH_PATHS = (
					"$(inherited)",
					"@executable_path/Frameworks",
				);
				MARKETING_VERSION = 1.0;
				PRODUCT_BUNDLE_IDENTIFIER = "denisvasilev.gb-vk-app";
				PRODUCT_NAME = "$(TARGET_NAME)";
				SWIFT_EMIT_LOC_STRINGS = YES;
				SWIFT_VERSION = 5.0;
				TARGETED_DEVICE_FAMILY = "1,2";
			};
			name = Debug;
		};
		2827F22C27A74913004D48AC /* Release */ = {
			isa = XCBuildConfiguration;
			baseConfigurationReference = ECF7C344BED5C99241B7E9A8 /* Pods-gb_vk_app.release.xcconfig */;
			buildSettings = {
				ASSETCATALOG_COMPILER_APPICON_NAME = AppIcon;
				ASSETCATALOG_COMPILER_GLOBAL_ACCENT_COLOR_NAME = AccentColor;
				CODE_SIGN_STYLE = Automatic;
				CURRENT_PROJECT_VERSION = 1;
				DEVELOPMENT_TEAM = Z767NVP4CG;
				GENERATE_INFOPLIST_FILE = YES;
				INFOPLIST_FILE = gb_vk_app/Info.plist;
				INFOPLIST_KEY_UIApplicationSupportsIndirectInputEvents = YES;
				INFOPLIST_KEY_UILaunchStoryboardName = LaunchScreen;
				INFOPLIST_KEY_UIMainStoryboardFile = Main;
				INFOPLIST_KEY_UISupportedInterfaceOrientations_iPad = "UIInterfaceOrientationPortrait UIInterfaceOrientationPortraitUpsideDown UIInterfaceOrientationLandscapeLeft UIInterfaceOrientationLandscapeRight";
				INFOPLIST_KEY_UISupportedInterfaceOrientations_iPhone = "UIInterfaceOrientationPortrait UIInterfaceOrientationLandscapeLeft UIInterfaceOrientationLandscapeRight";
				LD_RUNPATH_SEARCH_PATHS = (
					"$(inherited)",
					"@executable_path/Frameworks",
				);
				MARKETING_VERSION = 1.0;
				PRODUCT_BUNDLE_IDENTIFIER = "denisvasilev.gb-vk-app";
				PRODUCT_NAME = "$(TARGET_NAME)";
				SWIFT_EMIT_LOC_STRINGS = YES;
				SWIFT_VERSION = 5.0;
				TARGETED_DEVICE_FAMILY = "1,2";
			};
			name = Release;
		};
/* End XCBuildConfiguration section */

/* Begin XCConfigurationList section */
		2827F21127A7490B004D48AC /* Build configuration list for PBXProject "gb_vk_app" */ = {
			isa = XCConfigurationList;
			buildConfigurations = (
				2827F22827A74913004D48AC /* Debug */,
				2827F22927A74913004D48AC /* Release */,
			);
			defaultConfigurationIsVisible = 0;
			defaultConfigurationName = Release;
		};
		2827F22A27A74913004D48AC /* Build configuration list for PBXNativeTarget "gb_vk_app" */ = {
			isa = XCConfigurationList;
			buildConfigurations = (
				2827F22B27A74913004D48AC /* Debug */,
				2827F22C27A74913004D48AC /* Release */,
			);
			defaultConfigurationIsVisible = 0;
			defaultConfigurationName = Release;
		};
/* End XCConfigurationList section */
	};
	rootObject = 2827F20E27A7490B004D48AC /* Project object */;
}
